// !$*UTF8*$!
{
	archiveVersion = 1;
	classes = {
	};
	objectVersion = 48;
	objects = {

/* Begin PBXBuildFile section */
		100233C12081593000C3E08D /* HomepageViewController.swift in Sources */ = {isa = PBXBuildFile; fileRef = 100233C02081593000C3E08D /* HomepageViewController.swift */; };
		100233C820816ECF00C3E08D /* FirebaseAPIClient.swift in Sources */ = {isa = PBXBuildFile; fileRef = 100233C720816ECF00C3E08D /* FirebaseAPIClient.swift */; };
		100233CA20816F1800C3E08D /* FacebookAPIClient.swift in Sources */ = {isa = PBXBuildFile; fileRef = 100233C920816F1800C3E08D /* FacebookAPIClient.swift */; };
		100233CC2081752900C3E08D /* ProgressViewController.swift in Sources */ = {isa = PBXBuildFile; fileRef = 100233CB2081752900C3E08D /* ProgressViewController.swift */; };
		100EEB1E210A9F76002246A4 /* ChangeLocViewController.swift in Sources */ = {isa = PBXBuildFile; fileRef = 100EEB1D210A9F76002246A4 /* ChangeLocViewController.swift */; };
		1019A86A21CB3E36004381B3 /* OnboardingPageViewController.swift in Sources */ = {isa = PBXBuildFile; fileRef = 1019A86921CB3E36004381B3 /* OnboardingPageViewController.swift */; };
		1019A86D21CB4534004381B3 /* Onboarding1ViewController.swift in Sources */ = {isa = PBXBuildFile; fileRef = 1019A86C21CB4534004381B3 /* Onboarding1ViewController.swift */; };
		1019A87021CB454B004381B3 /* Onboarding2ViewController.swift in Sources */ = {isa = PBXBuildFile; fileRef = 1019A86F21CB454B004381B3 /* Onboarding2ViewController.swift */; };
		1019A87221CB455B004381B3 /* Onboarding3ViewController.swift in Sources */ = {isa = PBXBuildFile; fileRef = 1019A87121CB455B004381B3 /* Onboarding3ViewController.swift */; };
		1019A87421CB6A30004381B3 /* OnboardingViewController.swift in Sources */ = {isa = PBXBuildFile; fileRef = 1019A87321CB6A30004381B3 /* OnboardingViewController.swift */; };
		1019A87621CC1A22004381B3 /* OnboardingHelper.swift in Sources */ = {isa = PBXBuildFile; fileRef = 1019A87521CC1A22004381B3 /* OnboardingHelper.swift */; };
		1019A87A21CC5A37004381B3 /* ModalViewController.swift in Sources */ = {isa = PBXBuildFile; fileRef = 1019A87921CC5A36004381B3 /* ModalViewController.swift */; };
		1019A87D21CD65FE004381B3 /* LogOutViewController.swift in Sources */ = {isa = PBXBuildFile; fileRef = 1019A87C21CD65FE004381B3 /* LogOutViewController.swift */; };
		101E5B5F207B08E4007783C2 /* GoogleService-Info.plist in Resources */ = {isa = PBXBuildFile; fileRef = 101E5B5E207B08E4007783C2 /* GoogleService-Info.plist */; };
		101E5B61207B38A5007783C2 /* SelectFriendsViewController.swift in Sources */ = {isa = PBXBuildFile; fileRef = 101E5B60207B38A5007783C2 /* SelectFriendsViewController.swift */; };
		101E5B63207B3BC1007783C2 /* SelectMapViewController.swift in Sources */ = {isa = PBXBuildFile; fileRef = 101E5B62207B3BC1007783C2 /* SelectMapViewController.swift */; };
		103474F1209A3D78006CD645 /* User.swift in Sources */ = {isa = PBXBuildFile; fileRef = 103474F0209A3D78006CD645 /* User.swift */; };
		10350E6B21CD909000838384 /* OpenSans-Bold.ttf in Resources */ = {isa = PBXBuildFile; fileRef = 10350E6821CD908F00838384 /* OpenSans-Bold.ttf */; };
		10350E6C21CD909000838384 /* OpenSans-SemiBold.ttf in Resources */ = {isa = PBXBuildFile; fileRef = 10350E6921CD908F00838384 /* OpenSans-SemiBold.ttf */; };
		10350E6D21CD909000838384 /* OpenSans-Regular.ttf in Resources */ = {isa = PBXBuildFile; fileRef = 10350E6A21CD909000838384 /* OpenSans-Regular.ttf */; };
		105F22B32060AA6A00ABF98E /* AppDelegate.swift in Sources */ = {isa = PBXBuildFile; fileRef = 105F22B22060AA6A00ABF98E /* AppDelegate.swift */; };
		105F22B82060AA6A00ABF98E /* Main.storyboard in Resources */ = {isa = PBXBuildFile; fileRef = 105F22B62060AA6A00ABF98E /* Main.storyboard */; };
		105F22BA2060AA6A00ABF98E /* Assets.xcassets in Resources */ = {isa = PBXBuildFile; fileRef = 105F22B92060AA6A00ABF98E /* Assets.xcassets */; };
		105F22BD2060AA6A00ABF98E /* LaunchScreen.storyboard in Resources */ = {isa = PBXBuildFile; fileRef = 105F22BB2060AA6A00ABF98E /* LaunchScreen.storyboard */; };
		105F22C82060AA6A00ABF98E /* dingoTests.swift in Sources */ = {isa = PBXBuildFile; fileRef = 105F22C72060AA6A00ABF98E /* dingoTests.swift */; };
		105F22D32060AA6A00ABF98E /* dingoUITests.swift in Sources */ = {isa = PBXBuildFile; fileRef = 105F22D22060AA6A00ABF98E /* dingoUITests.swift */; };
		1084436B2075BF93007EBF69 /* FBLoginPage.swift in Sources */ = {isa = PBXBuildFile; fileRef = 1084436A2075BF93007EBF69 /* FBLoginPage.swift */; };
		1088897C20F16047001F961C /* Constants.swift in Sources */ = {isa = PBXBuildFile; fileRef = 1088897B20F16047001F961C /* Constants.swift */; };
		1088897E20F1618E001F961C /* Journey.swift in Sources */ = {isa = PBXBuildFile; fileRef = 1088897D20F1618E001F961C /* Journey.swift */; };
		108CFF89209C1FFE003A6BB5 /* SettingsViewController.swift in Sources */ = {isa = PBXBuildFile; fileRef = 108CFF88209C1FFE003A6BB5 /* SettingsViewController.swift */; };
		108CFF8D209C201C003A6BB5 /* ChangeFriendViewController.swift in Sources */ = {isa = PBXBuildFile; fileRef = 108CFF8C209C201C003A6BB5 /* ChangeFriendViewController.swift */; };
		108CFF8F209C202A003A6BB5 /* AboutViewController.swift in Sources */ = {isa = PBXBuildFile; fileRef = 108CFF8E209C202A003A6BB5 /* AboutViewController.swift */; };
		10AA3D4C20FC04C90076969A /* SwiftyAPIClient.swift in Sources */ = {isa = PBXBuildFile; fileRef = 10AA3D4B20FC04C90076969A /* SwiftyAPIClient.swift */; };
		10AA3D4E20FC6CA70076969A /* SelectFriendsTableViewCell.swift in Sources */ = {isa = PBXBuildFile; fileRef = 10AA3D4D20FC6CA70076969A /* SelectFriendsTableViewCell.swift */; };
		10DB1C4621CF709A0074CCD0 /* NotificationsViewController.swift in Sources */ = {isa = PBXBuildFile; fileRef = 10DB1C4521CF709A0074CCD0 /* NotificationsViewController.swift */; };
		42094D95B9F016D9E2E10435 /* Pods_dingoUITests.framework in Frameworks */ = {isa = PBXBuildFile; fileRef = 2B4B718A89A09C605B48CE7D /* Pods_dingoUITests.framework */; };
		441D9C9C2E1B9614DE5DE2F1 /* Pods_dingoTests.framework in Frameworks */ = {isa = PBXBuildFile; fileRef = 52690642EBCD4C064F0FEE8B /* Pods_dingoTests.framework */; };
		F634DEA7E44B69E22DE49A66 /* Pods_dingo.framework in Frameworks */ = {isa = PBXBuildFile; fileRef = BD81928D4C7D252336A5C37B /* Pods_dingo.framework */; };
/* End PBXBuildFile section */

/* Begin PBXContainerItemProxy section */
		105F22C42060AA6A00ABF98E /* PBXContainerItemProxy */ = {
			isa = PBXContainerItemProxy;
			containerPortal = 105F22A72060AA6A00ABF98E /* Project object */;
			proxyType = 1;
			remoteGlobalIDString = 105F22AE2060AA6A00ABF98E;
			remoteInfo = dingo;
		};
		105F22CF2060AA6A00ABF98E /* PBXContainerItemProxy */ = {
			isa = PBXContainerItemProxy;
			containerPortal = 105F22A72060AA6A00ABF98E /* Project object */;
			proxyType = 1;
			remoteGlobalIDString = 105F22AE2060AA6A00ABF98E;
			remoteInfo = dingo;
		};
/* End PBXContainerItemProxy section */

/* Begin PBXFileReference section */
		100233C02081593000C3E08D /* HomepageViewController.swift */ = {isa = PBXFileReference; lastKnownFileType = sourcecode.swift; path = HomepageViewController.swift; sourceTree = "<group>"; };
		100233C720816ECF00C3E08D /* FirebaseAPIClient.swift */ = {isa = PBXFileReference; lastKnownFileType = sourcecode.swift; path = FirebaseAPIClient.swift; sourceTree = "<group>"; };
		100233C920816F1800C3E08D /* FacebookAPIClient.swift */ = {isa = PBXFileReference; lastKnownFileType = sourcecode.swift; path = FacebookAPIClient.swift; sourceTree = "<group>"; };
		100233CB2081752900C3E08D /* ProgressViewController.swift */ = {isa = PBXFileReference; lastKnownFileType = sourcecode.swift; path = ProgressViewController.swift; sourceTree = "<group>"; };
		100EEB1D210A9F76002246A4 /* ChangeLocViewController.swift */ = {isa = PBXFileReference; lastKnownFileType = sourcecode.swift; path = ChangeLocViewController.swift; sourceTree = "<group>"; };
		1019A86921CB3E36004381B3 /* OnboardingPageViewController.swift */ = {isa = PBXFileReference; lastKnownFileType = sourcecode.swift; path = OnboardingPageViewController.swift; sourceTree = "<group>"; };
		1019A86C21CB4534004381B3 /* Onboarding1ViewController.swift */ = {isa = PBXFileReference; lastKnownFileType = sourcecode.swift; path = Onboarding1ViewController.swift; sourceTree = "<group>"; };
		1019A86F21CB454B004381B3 /* Onboarding2ViewController.swift */ = {isa = PBXFileReference; lastKnownFileType = sourcecode.swift; path = Onboarding2ViewController.swift; sourceTree = "<group>"; };
		1019A87121CB455B004381B3 /* Onboarding3ViewController.swift */ = {isa = PBXFileReference; lastKnownFileType = sourcecode.swift; path = Onboarding3ViewController.swift; sourceTree = "<group>"; };
		1019A87321CB6A30004381B3 /* OnboardingViewController.swift */ = {isa = PBXFileReference; lastKnownFileType = sourcecode.swift; path = OnboardingViewController.swift; sourceTree = "<group>"; };
		1019A87521CC1A22004381B3 /* OnboardingHelper.swift */ = {isa = PBXFileReference; lastKnownFileType = sourcecode.swift; path = OnboardingHelper.swift; sourceTree = "<group>"; };
		1019A87921CC5A36004381B3 /* ModalViewController.swift */ = {isa = PBXFileReference; lastKnownFileType = sourcecode.swift; path = ModalViewController.swift; sourceTree = "<group>"; };
		1019A87C21CD65FE004381B3 /* LogOutViewController.swift */ = {isa = PBXFileReference; lastKnownFileType = sourcecode.swift; path = LogOutViewController.swift; sourceTree = "<group>"; };
		101E5B5D207AE738007783C2 /* dingo.entitlements */ = {isa = PBXFileReference; lastKnownFileType = text.plist.entitlements; path = dingo.entitlements; sourceTree = "<group>"; };
		101E5B5E207B08E4007783C2 /* GoogleService-Info.plist */ = {isa = PBXFileReference; fileEncoding = 4; lastKnownFileType = text.plist.xml; path = "GoogleService-Info.plist"; sourceTree = "<group>"; };
		101E5B60207B38A5007783C2 /* SelectFriendsViewController.swift */ = {isa = PBXFileReference; lastKnownFileType = sourcecode.swift; path = SelectFriendsViewController.swift; sourceTree = "<group>"; };
		101E5B62207B3BC1007783C2 /* SelectMapViewController.swift */ = {isa = PBXFileReference; lastKnownFileType = sourcecode.swift; path = SelectMapViewController.swift; sourceTree = "<group>"; };
		103474F0209A3D78006CD645 /* User.swift */ = {isa = PBXFileReference; lastKnownFileType = sourcecode.swift; path = User.swift; sourceTree = "<group>"; };
		10350E6821CD908F00838384 /* OpenSans-Bold.ttf */ = {isa = PBXFileReference; lastKnownFileType = file; path = "OpenSans-Bold.ttf"; sourceTree = "<group>"; };
		10350E6921CD908F00838384 /* OpenSans-SemiBold.ttf */ = {isa = PBXFileReference; lastKnownFileType = file; path = "OpenSans-SemiBold.ttf"; sourceTree = "<group>"; };
		10350E6A21CD909000838384 /* OpenSans-Regular.ttf */ = {isa = PBXFileReference; lastKnownFileType = file; path = "OpenSans-Regular.ttf"; sourceTree = "<group>"; };
		105F22AF2060AA6A00ABF98E /* dingo.app */ = {isa = PBXFileReference; explicitFileType = wrapper.application; includeInIndex = 0; path = dingo.app; sourceTree = BUILT_PRODUCTS_DIR; };
		105F22B22060AA6A00ABF98E /* AppDelegate.swift */ = {isa = PBXFileReference; lastKnownFileType = sourcecode.swift; path = AppDelegate.swift; sourceTree = "<group>"; };
		105F22B72060AA6A00ABF98E /* Base */ = {isa = PBXFileReference; lastKnownFileType = file.storyboard; name = Base; path = Base.lproj/Main.storyboard; sourceTree = "<group>"; };
		105F22B92060AA6A00ABF98E /* Assets.xcassets */ = {isa = PBXFileReference; lastKnownFileType = folder.assetcatalog; path = Assets.xcassets; sourceTree = "<group>"; };
		105F22BC2060AA6A00ABF98E /* Base */ = {isa = PBXFileReference; lastKnownFileType = file.storyboard; name = Base; path = Base.lproj/LaunchScreen.storyboard; sourceTree = "<group>"; };
		105F22BE2060AA6A00ABF98E /* Info.plist */ = {isa = PBXFileReference; lastKnownFileType = text.plist.xml; path = Info.plist; sourceTree = "<group>"; };
		105F22C32060AA6A00ABF98E /* dingoTests.xctest */ = {isa = PBXFileReference; explicitFileType = wrapper.cfbundle; includeInIndex = 0; path = dingoTests.xctest; sourceTree = BUILT_PRODUCTS_DIR; };
		105F22C72060AA6A00ABF98E /* dingoTests.swift */ = {isa = PBXFileReference; lastKnownFileType = sourcecode.swift; path = dingoTests.swift; sourceTree = "<group>"; };
		105F22C92060AA6A00ABF98E /* Info.plist */ = {isa = PBXFileReference; lastKnownFileType = text.plist.xml; path = Info.plist; sourceTree = "<group>"; };
		105F22CE2060AA6A00ABF98E /* dingoUITests.xctest */ = {isa = PBXFileReference; explicitFileType = wrapper.cfbundle; includeInIndex = 0; path = dingoUITests.xctest; sourceTree = BUILT_PRODUCTS_DIR; };
		105F22D22060AA6A00ABF98E /* dingoUITests.swift */ = {isa = PBXFileReference; lastKnownFileType = sourcecode.swift; path = dingoUITests.swift; sourceTree = "<group>"; };
		105F22D42060AA6A00ABF98E /* Info.plist */ = {isa = PBXFileReference; lastKnownFileType = text.plist.xml; path = Info.plist; sourceTree = "<group>"; };
		1084436A2075BF93007EBF69 /* FBLoginPage.swift */ = {isa = PBXFileReference; lastKnownFileType = sourcecode.swift; path = FBLoginPage.swift; sourceTree = "<group>"; };
		1088897B20F16047001F961C /* Constants.swift */ = {isa = PBXFileReference; lastKnownFileType = sourcecode.swift; path = Constants.swift; sourceTree = "<group>"; };
		1088897D20F1618E001F961C /* Journey.swift */ = {isa = PBXFileReference; lastKnownFileType = sourcecode.swift; path = Journey.swift; sourceTree = "<group>"; };
		108CFF88209C1FFE003A6BB5 /* SettingsViewController.swift */ = {isa = PBXFileReference; lastKnownFileType = sourcecode.swift; path = SettingsViewController.swift; sourceTree = "<group>"; };
		108CFF8C209C201C003A6BB5 /* ChangeFriendViewController.swift */ = {isa = PBXFileReference; lastKnownFileType = sourcecode.swift; path = ChangeFriendViewController.swift; sourceTree = "<group>"; };
		108CFF8E209C202A003A6BB5 /* AboutViewController.swift */ = {isa = PBXFileReference; lastKnownFileType = sourcecode.swift; path = AboutViewController.swift; sourceTree = "<group>"; };
		10AA3D4B20FC04C90076969A /* SwiftyAPIClient.swift */ = {isa = PBXFileReference; lastKnownFileType = sourcecode.swift; path = SwiftyAPIClient.swift; sourceTree = "<group>"; };
		10AA3D4D20FC6CA70076969A /* SelectFriendsTableViewCell.swift */ = {isa = PBXFileReference; lastKnownFileType = sourcecode.swift; path = SelectFriendsTableViewCell.swift; sourceTree = "<group>"; };
		10DB1C4521CF709A0074CCD0 /* NotificationsViewController.swift */ = {isa = PBXFileReference; lastKnownFileType = sourcecode.swift; name = NotificationsViewController.swift; path = dingo/Controllers/NotificationsViewController.swift; sourceTree = SOURCE_ROOT; };
		18CFC1EDFE90A2B77D3552CC /* Pods-dingoTests.release.xcconfig */ = {isa = PBXFileReference; includeInIndex = 1; lastKnownFileType = text.xcconfig; name = "Pods-dingoTests.release.xcconfig"; path = "Pods/Target Support Files/Pods-dingoTests/Pods-dingoTests.release.xcconfig"; sourceTree = "<group>"; };
		2B4B718A89A09C605B48CE7D /* Pods_dingoUITests.framework */ = {isa = PBXFileReference; explicitFileType = wrapper.framework; includeInIndex = 0; path = Pods_dingoUITests.framework; sourceTree = BUILT_PRODUCTS_DIR; };
		34DFA942B4130399CBB3C116 /* Pods-dingo.release.xcconfig */ = {isa = PBXFileReference; includeInIndex = 1; lastKnownFileType = text.xcconfig; name = "Pods-dingo.release.xcconfig"; path = "Pods/Target Support Files/Pods-dingo/Pods-dingo.release.xcconfig"; sourceTree = "<group>"; };
		52690642EBCD4C064F0FEE8B /* Pods_dingoTests.framework */ = {isa = PBXFileReference; explicitFileType = wrapper.framework; includeInIndex = 0; path = Pods_dingoTests.framework; sourceTree = BUILT_PRODUCTS_DIR; };
		542450A599C994B929E875BC /* Pods-dingoUITests.release.xcconfig */ = {isa = PBXFileReference; includeInIndex = 1; lastKnownFileType = text.xcconfig; name = "Pods-dingoUITests.release.xcconfig"; path = "Pods/Target Support Files/Pods-dingoUITests/Pods-dingoUITests.release.xcconfig"; sourceTree = "<group>"; };
		5454DCFE9B5B1C7D68A821E3 /* Pods-dingo.debug.xcconfig */ = {isa = PBXFileReference; includeInIndex = 1; lastKnownFileType = text.xcconfig; name = "Pods-dingo.debug.xcconfig"; path = "Pods/Target Support Files/Pods-dingo/Pods-dingo.debug.xcconfig"; sourceTree = "<group>"; };
		6984872C4B0CCDEC98FC5E4E /* Pods-dingoUITests.debug.xcconfig */ = {isa = PBXFileReference; includeInIndex = 1; lastKnownFileType = text.xcconfig; name = "Pods-dingoUITests.debug.xcconfig"; path = "Pods/Target Support Files/Pods-dingoUITests/Pods-dingoUITests.debug.xcconfig"; sourceTree = "<group>"; };
		844CB0F91B435840B4302642 /* Pods-dingoTests.debug.xcconfig */ = {isa = PBXFileReference; includeInIndex = 1; lastKnownFileType = text.xcconfig; name = "Pods-dingoTests.debug.xcconfig"; path = "Pods/Target Support Files/Pods-dingoTests/Pods-dingoTests.debug.xcconfig"; sourceTree = "<group>"; };
		BD81928D4C7D252336A5C37B /* Pods_dingo.framework */ = {isa = PBXFileReference; explicitFileType = wrapper.framework; includeInIndex = 0; path = Pods_dingo.framework; sourceTree = BUILT_PRODUCTS_DIR; };
/* End PBXFileReference section */

/* Begin PBXFrameworksBuildPhase section */
		105F22AC2060AA6A00ABF98E /* Frameworks */ = {
			isa = PBXFrameworksBuildPhase;
			buildActionMask = 2147483647;
			files = (
				F634DEA7E44B69E22DE49A66 /* Pods_dingo.framework in Frameworks */,
			);
			runOnlyForDeploymentPostprocessing = 0;
		};
		105F22C02060AA6A00ABF98E /* Frameworks */ = {
			isa = PBXFrameworksBuildPhase;
			buildActionMask = 2147483647;
			files = (
				441D9C9C2E1B9614DE5DE2F1 /* Pods_dingoTests.framework in Frameworks */,
			);
			runOnlyForDeploymentPostprocessing = 0;
		};
		105F22CB2060AA6A00ABF98E /* Frameworks */ = {
			isa = PBXFrameworksBuildPhase;
			buildActionMask = 2147483647;
			files = (
				42094D95B9F016D9E2E10435 /* Pods_dingoUITests.framework in Frameworks */,
			);
			runOnlyForDeploymentPostprocessing = 0;
		};
/* End PBXFrameworksBuildPhase section */

/* Begin PBXGroup section */
		100233C220816E2400C3E08D /* Models */ = {
			isa = PBXGroup;
			children = (
				103474F0209A3D78006CD645 /* User.swift */,
				1088897B20F16047001F961C /* Constants.swift */,
				1088897D20F1618E001F961C /* Journey.swift */,
				1019A87521CC1A22004381B3 /* OnboardingHelper.swift */,
			);
			path = Models;
			sourceTree = "<group>";
		};
		100233C320816E2D00C3E08D /* Cells */ = {
			isa = PBXGroup;
			children = (
				10AA3D4D20FC6CA70076969A /* SelectFriendsTableViewCell.swift */,
			);
			path = Cells;
			sourceTree = "<group>";
		};
		100233C420816E3200C3E08D /* Controllers */ = {
			isa = PBXGroup;
			children = (
				100EEB21210AA29A002246A4 /* Onboarding */,
				1019A87B21CD655A004381B3 /* Settings */,
				108CFF8C209C201C003A6BB5 /* ChangeFriendViewController.swift */,
				100EEB1D210A9F76002246A4 /* ChangeLocViewController.swift */,
				108CFF88209C1FFE003A6BB5 /* SettingsViewController.swift */,
				100233CB2081752900C3E08D /* ProgressViewController.swift */,
				100233C02081593000C3E08D /* HomepageViewController.swift */,
				10DB1C4521CF709A0074CCD0 /* NotificationsViewController.swift */,
			);
			path = Controllers;
			sourceTree = "<group>";
		};
		100233C620816E8700C3E08D /* Clients */ = {
			isa = PBXGroup;
			children = (
				100233C720816ECF00C3E08D /* FirebaseAPIClient.swift */,
				100233C920816F1800C3E08D /* FacebookAPIClient.swift */,
				10AA3D4B20FC04C90076969A /* SwiftyAPIClient.swift */,
			);
			path = Clients;
			sourceTree = "<group>";
		};
		100EEB21210AA29A002246A4 /* Onboarding */ = {
			isa = PBXGroup;
			children = (
				1084436A2075BF93007EBF69 /* FBLoginPage.swift */,
				101E5B60207B38A5007783C2 /* SelectFriendsViewController.swift */,
				101E5B62207B3BC1007783C2 /* SelectMapViewController.swift */,
				1019A86B21CB450E004381B3 /* Tutorial */,
			);
			path = Onboarding;
			sourceTree = "<group>";
		};
		1019A86B21CB450E004381B3 /* Tutorial */ = {
			isa = PBXGroup;
			children = (
				1019A87321CB6A30004381B3 /* OnboardingViewController.swift */,
				1019A86921CB3E36004381B3 /* OnboardingPageViewController.swift */,
				1019A86C21CB4534004381B3 /* Onboarding1ViewController.swift */,
				1019A86F21CB454B004381B3 /* Onboarding2ViewController.swift */,
				1019A87121CB455B004381B3 /* Onboarding3ViewController.swift */,
			);
			path = Tutorial;
			sourceTree = "<group>";
		};
		1019A87B21CD655A004381B3 /* Settings */ = {
			isa = PBXGroup;
			children = (
				1019A87921CC5A36004381B3 /* ModalViewController.swift */,
				108CFF8E209C202A003A6BB5 /* AboutViewController.swift */,
				1019A87C21CD65FE004381B3 /* LogOutViewController.swift */,
			);
			path = Settings;
			sourceTree = "<group>";
		};
		10350E6721CD8FED00838384 /* Fonts */ = {
			isa = PBXGroup;
			children = (
				10350E6821CD908F00838384 /* OpenSans-Bold.ttf */,
				10350E6A21CD909000838384 /* OpenSans-Regular.ttf */,
				10350E6921CD908F00838384 /* OpenSans-SemiBold.ttf */,
			);
			path = Fonts;
			sourceTree = "<group>";
		};
		105F22A62060AA6A00ABF98E = {
			isa = PBXGroup;
			children = (
				105F22B12060AA6A00ABF98E /* dingo */,
				105F22C62060AA6A00ABF98E /* dingoTests */,
				105F22D12060AA6A00ABF98E /* dingoUITests */,
				105F22B02060AA6A00ABF98E /* Products */,
				66C71978BEB1F41E75377B62 /* Pods */,
				1B3D5586CC86E4CC9A388D24 /* Frameworks */,
			);
			sourceTree = "<group>";
		};
		105F22B02060AA6A00ABF98E /* Products */ = {
			isa = PBXGroup;
			children = (
				105F22AF2060AA6A00ABF98E /* dingo.app */,
				105F22C32060AA6A00ABF98E /* dingoTests.xctest */,
				105F22CE2060AA6A00ABF98E /* dingoUITests.xctest */,
			);
			name = Products;
			sourceTree = "<group>";
		};
		105F22B12060AA6A00ABF98E /* dingo */ = {
			isa = PBXGroup;
			children = (
				101E5B5D207AE738007783C2 /* dingo.entitlements */,
				105F22B22060AA6A00ABF98E /* AppDelegate.swift */,
				100233C620816E8700C3E08D /* Clients */,
				100233C220816E2400C3E08D /* Models */,
				105F22B92060AA6A00ABF98E /* Assets.xcassets */,
				105F22BB2060AA6A00ABF98E /* LaunchScreen.storyboard */,
				105F22B62060AA6A00ABF98E /* Main.storyboard */,
				105F22BE2060AA6A00ABF98E /* Info.plist */,
				100233C320816E2D00C3E08D /* Cells */,
				100233C420816E3200C3E08D /* Controllers */,
				101E5B5E207B08E4007783C2 /* GoogleService-Info.plist */,
				10350E6721CD8FED00838384 /* Fonts */,
			);
			path = dingo;
			sourceTree = "<group>";
		};
		105F22C62060AA6A00ABF98E /* dingoTests */ = {
			isa = PBXGroup;
			children = (
				105F22C72060AA6A00ABF98E /* dingoTests.swift */,
				105F22C92060AA6A00ABF98E /* Info.plist */,
			);
			path = dingoTests;
			sourceTree = "<group>";
		};
		105F22D12060AA6A00ABF98E /* dingoUITests */ = {
			isa = PBXGroup;
			children = (
				105F22D22060AA6A00ABF98E /* dingoUITests.swift */,
				105F22D42060AA6A00ABF98E /* Info.plist */,
			);
			path = dingoUITests;
			sourceTree = "<group>";
		};
		1B3D5586CC86E4CC9A388D24 /* Frameworks */ = {
			isa = PBXGroup;
			children = (
				BD81928D4C7D252336A5C37B /* Pods_dingo.framework */,
				52690642EBCD4C064F0FEE8B /* Pods_dingoTests.framework */,
				2B4B718A89A09C605B48CE7D /* Pods_dingoUITests.framework */,
			);
			name = Frameworks;
			sourceTree = "<group>";
		};
		66C71978BEB1F41E75377B62 /* Pods */ = {
			isa = PBXGroup;
			children = (
				5454DCFE9B5B1C7D68A821E3 /* Pods-dingo.debug.xcconfig */,
				34DFA942B4130399CBB3C116 /* Pods-dingo.release.xcconfig */,
				844CB0F91B435840B4302642 /* Pods-dingoTests.debug.xcconfig */,
				18CFC1EDFE90A2B77D3552CC /* Pods-dingoTests.release.xcconfig */,
				6984872C4B0CCDEC98FC5E4E /* Pods-dingoUITests.debug.xcconfig */,
				542450A599C994B929E875BC /* Pods-dingoUITests.release.xcconfig */,
			);
			name = Pods;
			sourceTree = "<group>";
		};
/* End PBXGroup section */

/* Begin PBXNativeTarget section */
		105F22AE2060AA6A00ABF98E /* dingo */ = {
			isa = PBXNativeTarget;
			buildConfigurationList = 105F22D72060AA6A00ABF98E /* Build configuration list for PBXNativeTarget "dingo" */;
			buildPhases = (
				136745CF1CE3E620F28ABB5E /* [CP] Check Pods Manifest.lock */,
				105F22AB2060AA6A00ABF98E /* Sources */,
				105F22AC2060AA6A00ABF98E /* Frameworks */,
				105F22AD2060AA6A00ABF98E /* Resources */,
				2E67EC2C91CF35F1EABB7DD5 /* [CP] Embed Pods Frameworks */,
			);
			buildRules = (
			);
			dependencies = (
			);
			name = dingo;
			productName = dingo;
			productReference = 105F22AF2060AA6A00ABF98E /* dingo.app */;
			productType = "com.apple.product-type.application";
		};
		105F22C22060AA6A00ABF98E /* dingoTests */ = {
			isa = PBXNativeTarget;
			buildConfigurationList = 105F22DA2060AA6A00ABF98E /* Build configuration list for PBXNativeTarget "dingoTests" */;
			buildPhases = (
				1ECC6C468F3FB44DDCD5DE75 /* [CP] Check Pods Manifest.lock */,
				105F22BF2060AA6A00ABF98E /* Sources */,
				105F22C02060AA6A00ABF98E /* Frameworks */,
				105F22C12060AA6A00ABF98E /* Resources */,
			);
			buildRules = (
			);
			dependencies = (
				105F22C52060AA6A00ABF98E /* PBXTargetDependency */,
			);
			name = dingoTests;
			productName = dingoTests;
			productReference = 105F22C32060AA6A00ABF98E /* dingoTests.xctest */;
			productType = "com.apple.product-type.bundle.unit-test";
		};
		105F22CD2060AA6A00ABF98E /* dingoUITests */ = {
			isa = PBXNativeTarget;
			buildConfigurationList = 105F22DD2060AA6A00ABF98E /* Build configuration list for PBXNativeTarget "dingoUITests" */;
			buildPhases = (
				58A00ADC121B82C07315C64A /* [CP] Check Pods Manifest.lock */,
				105F22CA2060AA6A00ABF98E /* Sources */,
				105F22CB2060AA6A00ABF98E /* Frameworks */,
				105F22CC2060AA6A00ABF98E /* Resources */,
			);
			buildRules = (
			);
			dependencies = (
				105F22D02060AA6A00ABF98E /* PBXTargetDependency */,
			);
			name = dingoUITests;
			productName = dingoUITests;
			productReference = 105F22CE2060AA6A00ABF98E /* dingoUITests.xctest */;
			productType = "com.apple.product-type.bundle.ui-testing";
		};
/* End PBXNativeTarget section */

/* Begin PBXProject section */
		105F22A72060AA6A00ABF98E /* Project object */ = {
			isa = PBXProject;
			attributes = {
				LastSwiftUpdateCheck = 0920;
				LastUpgradeCheck = 0920;
				ORGANIZATIONNAME = "Jennifer Lu";
				TargetAttributes = {
					105F22AE2060AA6A00ABF98E = {
						CreatedOnToolsVersion = 9.2;
						ProvisioningStyle = Automatic;
						SystemCapabilities = {
							com.apple.Keychain = {
								enabled = 1;
							};
						};
					};
					105F22C22060AA6A00ABF98E = {
						CreatedOnToolsVersion = 9.2;
						ProvisioningStyle = Automatic;
						TestTargetID = 105F22AE2060AA6A00ABF98E;
					};
					105F22CD2060AA6A00ABF98E = {
						CreatedOnToolsVersion = 9.2;
						ProvisioningStyle = Automatic;
						TestTargetID = 105F22AE2060AA6A00ABF98E;
					};
				};
			};
			buildConfigurationList = 105F22AA2060AA6A00ABF98E /* Build configuration list for PBXProject "dingo" */;
			compatibilityVersion = "Xcode 8.0";
			developmentRegion = en;
			hasScannedForEncodings = 0;
			knownRegions = (
				en,
				Base,
			);
			mainGroup = 105F22A62060AA6A00ABF98E;
			productRefGroup = 105F22B02060AA6A00ABF98E /* Products */;
			projectDirPath = "";
			projectRoot = "";
			targets = (
				105F22AE2060AA6A00ABF98E /* dingo */,
				105F22C22060AA6A00ABF98E /* dingoTests */,
				105F22CD2060AA6A00ABF98E /* dingoUITests */,
			);
		};
/* End PBXProject section */

/* Begin PBXResourcesBuildPhase section */
		105F22AD2060AA6A00ABF98E /* Resources */ = {
			isa = PBXResourcesBuildPhase;
			buildActionMask = 2147483647;
			files = (
				105F22BD2060AA6A00ABF98E /* LaunchScreen.storyboard in Resources */,
				101E5B5F207B08E4007783C2 /* GoogleService-Info.plist in Resources */,
				105F22BA2060AA6A00ABF98E /* Assets.xcassets in Resources */,
				10350E6D21CD909000838384 /* OpenSans-Regular.ttf in Resources */,
				10350E6B21CD909000838384 /* OpenSans-Bold.ttf in Resources */,
				10350E6C21CD909000838384 /* OpenSans-SemiBold.ttf in Resources */,
				105F22B82060AA6A00ABF98E /* Main.storyboard in Resources */,
			);
			runOnlyForDeploymentPostprocessing = 0;
		};
		105F22C12060AA6A00ABF98E /* Resources */ = {
			isa = PBXResourcesBuildPhase;
			buildActionMask = 2147483647;
			files = (
			);
			runOnlyForDeploymentPostprocessing = 0;
		};
		105F22CC2060AA6A00ABF98E /* Resources */ = {
			isa = PBXResourcesBuildPhase;
			buildActionMask = 2147483647;
			files = (
			);
			runOnlyForDeploymentPostprocessing = 0;
		};
/* End PBXResourcesBuildPhase section */

/* Begin PBXShellScriptBuildPhase section */
		136745CF1CE3E620F28ABB5E /* [CP] Check Pods Manifest.lock */ = {
			isa = PBXShellScriptBuildPhase;
			buildActionMask = 2147483647;
			files = (
			);
			inputPaths = (
				"${PODS_PODFILE_DIR_PATH}/Podfile.lock",
				"${PODS_ROOT}/Manifest.lock",
			);
			name = "[CP] Check Pods Manifest.lock";
			outputPaths = (
				"$(DERIVED_FILE_DIR)/Pods-dingo-checkManifestLockResult.txt",
			);
			runOnlyForDeploymentPostprocessing = 0;
			shellPath = /bin/sh;
			shellScript = "diff \"${PODS_PODFILE_DIR_PATH}/Podfile.lock\" \"${PODS_ROOT}/Manifest.lock\" > /dev/null\nif [ $? != 0 ] ; then\n    # print error to STDERR\n    echo \"error: The sandbox is not in sync with the Podfile.lock. Run 'pod install' or update your CocoaPods installation.\" >&2\n    exit 1\nfi\n# This output is used by Xcode 'outputs' to avoid re-running this script phase.\necho \"SUCCESS\" > \"${SCRIPT_OUTPUT_FILE_0}\"\n";
			showEnvVarsInLog = 0;
		};
		1ECC6C468F3FB44DDCD5DE75 /* [CP] Check Pods Manifest.lock */ = {
			isa = PBXShellScriptBuildPhase;
			buildActionMask = 2147483647;
			files = (
			);
			inputPaths = (
				"${PODS_PODFILE_DIR_PATH}/Podfile.lock",
				"${PODS_ROOT}/Manifest.lock",
			);
			name = "[CP] Check Pods Manifest.lock";
			outputPaths = (
				"$(DERIVED_FILE_DIR)/Pods-dingoTests-checkManifestLockResult.txt",
			);
			runOnlyForDeploymentPostprocessing = 0;
			shellPath = /bin/sh;
			shellScript = "diff \"${PODS_PODFILE_DIR_PATH}/Podfile.lock\" \"${PODS_ROOT}/Manifest.lock\" > /dev/null\nif [ $? != 0 ] ; then\n    # print error to STDERR\n    echo \"error: The sandbox is not in sync with the Podfile.lock. Run 'pod install' or update your CocoaPods installation.\" >&2\n    exit 1\nfi\n# This output is used by Xcode 'outputs' to avoid re-running this script phase.\necho \"SUCCESS\" > \"${SCRIPT_OUTPUT_FILE_0}\"\n";
			showEnvVarsInLog = 0;
		};
		2E67EC2C91CF35F1EABB7DD5 /* [CP] Embed Pods Frameworks */ = {
			isa = PBXShellScriptBuildPhase;
			buildActionMask = 2147483647;
			files = (
			);
			inputPaths = (
				"${SRCROOT}/Pods/Target Support Files/Pods-dingo/Pods-dingo-frameworks.sh",
				"${BUILT_PRODUCTS_DIR}/Bolts/Bolts.framework",
				"${BUILT_PRODUCTS_DIR}/ChameleonFramework/ChameleonFramework.framework",
				"${BUILT_PRODUCTS_DIR}/FBSDKCoreKit/FBSDKCoreKit.framework",
				"${BUILT_PRODUCTS_DIR}/FBSDKLoginKit/FBSDKLoginKit.framework",
				"${BUILT_PRODUCTS_DIR}/FBSDKShareKit/FBSDKShareKit.framework",
				"${BUILT_PRODUCTS_DIR}/FacebookCore/FacebookCore.framework",
				"${BUILT_PRODUCTS_DIR}/FacebookLogin/FacebookLogin.framework",
				"${BUILT_PRODUCTS_DIR}/FacebookShare/FacebookShare.framework",
				"${BUILT_PRODUCTS_DIR}/GTMSessionFetcher/GTMSessionFetcher.framework",
				"${BUILT_PRODUCTS_DIR}/GoogleUtilities/GoogleUtilities.framework",
				"${BUILT_PRODUCTS_DIR}/SwiftyJSON/SwiftyJSON.framework",
				"${BUILT_PRODUCTS_DIR}/SwiftyOnboard/SwiftyOnboard.framework",
				"${BUILT_PRODUCTS_DIR}/leveldb-library/leveldb.framework",
				"${BUILT_PRODUCTS_DIR}/nanopb/nanopb.framework",
			);
			name = "[CP] Embed Pods Frameworks";
			outputPaths = (
				"${TARGET_BUILD_DIR}/${FRAMEWORKS_FOLDER_PATH}/Bolts.framework",
				"${TARGET_BUILD_DIR}/${FRAMEWORKS_FOLDER_PATH}/ChameleonFramework.framework",
				"${TARGET_BUILD_DIR}/${FRAMEWORKS_FOLDER_PATH}/FBSDKCoreKit.framework",
				"${TARGET_BUILD_DIR}/${FRAMEWORKS_FOLDER_PATH}/FBSDKLoginKit.framework",
				"${TARGET_BUILD_DIR}/${FRAMEWORKS_FOLDER_PATH}/FBSDKShareKit.framework",
				"${TARGET_BUILD_DIR}/${FRAMEWORKS_FOLDER_PATH}/FacebookCore.framework",
				"${TARGET_BUILD_DIR}/${FRAMEWORKS_FOLDER_PATH}/FacebookLogin.framework",
				"${TARGET_BUILD_DIR}/${FRAMEWORKS_FOLDER_PATH}/FacebookShare.framework",
				"${TARGET_BUILD_DIR}/${FRAMEWORKS_FOLDER_PATH}/GTMSessionFetcher.framework",
				"${TARGET_BUILD_DIR}/${FRAMEWORKS_FOLDER_PATH}/GoogleUtilities.framework",
				"${TARGET_BUILD_DIR}/${FRAMEWORKS_FOLDER_PATH}/SwiftyJSON.framework",
				"${TARGET_BUILD_DIR}/${FRAMEWORKS_FOLDER_PATH}/SwiftyOnboard.framework",
				"${TARGET_BUILD_DIR}/${FRAMEWORKS_FOLDER_PATH}/leveldb.framework",
				"${TARGET_BUILD_DIR}/${FRAMEWORKS_FOLDER_PATH}/nanopb.framework",
			);
			runOnlyForDeploymentPostprocessing = 0;
			shellPath = /bin/sh;
			shellScript = "\"${SRCROOT}/Pods/Target Support Files/Pods-dingo/Pods-dingo-frameworks.sh\"\n";
			showEnvVarsInLog = 0;
		};
		58A00ADC121B82C07315C64A /* [CP] Check Pods Manifest.lock */ = {
			isa = PBXShellScriptBuildPhase;
			buildActionMask = 2147483647;
			files = (
			);
			inputPaths = (
				"${PODS_PODFILE_DIR_PATH}/Podfile.lock",
				"${PODS_ROOT}/Manifest.lock",
			);
			name = "[CP] Check Pods Manifest.lock";
			outputPaths = (
				"$(DERIVED_FILE_DIR)/Pods-dingoUITests-checkManifestLockResult.txt",
			);
			runOnlyForDeploymentPostprocessing = 0;
			shellPath = /bin/sh;
			shellScript = "diff \"${PODS_PODFILE_DIR_PATH}/Podfile.lock\" \"${PODS_ROOT}/Manifest.lock\" > /dev/null\nif [ $? != 0 ] ; then\n    # print error to STDERR\n    echo \"error: The sandbox is not in sync with the Podfile.lock. Run 'pod install' or update your CocoaPods installation.\" >&2\n    exit 1\nfi\n# This output is used by Xcode 'outputs' to avoid re-running this script phase.\necho \"SUCCESS\" > \"${SCRIPT_OUTPUT_FILE_0}\"\n";
			showEnvVarsInLog = 0;
		};
/* End PBXShellScriptBuildPhase section */

/* Begin PBXSourcesBuildPhase section */
		105F22AB2060AA6A00ABF98E /* Sources */ = {
			isa = PBXSourcesBuildPhase;
			buildActionMask = 2147483647;
			files = (
				101E5B63207B3BC1007783C2 /* SelectMapViewController.swift in Sources */,
				1019A86A21CB3E36004381B3 /* OnboardingPageViewController.swift in Sources */,
				1084436B2075BF93007EBF69 /* FBLoginPage.swift in Sources */,
				10DB1C4621CF709A0074CCD0 /* NotificationsViewController.swift in Sources */,
				100233C12081593000C3E08D /* HomepageViewController.swift in Sources */,
				1019A87421CB6A30004381B3 /* OnboardingViewController.swift in Sources */,
				108CFF89209C1FFE003A6BB5 /* SettingsViewController.swift in Sources */,
				100233CC2081752900C3E08D /* ProgressViewController.swift in Sources */,
				101E5B61207B38A5007783C2 /* SelectFriendsViewController.swift in Sources */,
				103474F1209A3D78006CD645 /* User.swift in Sources */,
				100233CA20816F1800C3E08D /* FacebookAPIClient.swift in Sources */,
				108CFF8D209C201C003A6BB5 /* ChangeFriendViewController.swift in Sources */,
				100EEB1E210A9F76002246A4 /* ChangeLocViewController.swift in Sources */,
				1088897E20F1618E001F961C /* Journey.swift in Sources */,
				1019A87221CB455B004381B3 /* Onboarding3ViewController.swift in Sources */,
				1019A86D21CB4534004381B3 /* Onboarding1ViewController.swift in Sources */,
				1019A87621CC1A22004381B3 /* OnboardingHelper.swift in Sources */,
				1019A87A21CC5A37004381B3 /* ModalViewController.swift in Sources */,
				100233C820816ECF00C3E08D /* FirebaseAPIClient.swift in Sources */,
				1019A87021CB454B004381B3 /* Onboarding2ViewController.swift in Sources */,
				1088897C20F16047001F961C /* Constants.swift in Sources */,
				108CFF8F209C202A003A6BB5 /* AboutViewController.swift in Sources */,
				10AA3D4E20FC6CA70076969A /* SelectFriendsTableViewCell.swift in Sources */,
				105F22B32060AA6A00ABF98E /* AppDelegate.swift in Sources */,
				1019A87D21CD65FE004381B3 /* LogOutViewController.swift in Sources */,
				10AA3D4C20FC04C90076969A /* SwiftyAPIClient.swift in Sources */,
			);
			runOnlyForDeploymentPostprocessing = 0;
		};
		105F22BF2060AA6A00ABF98E /* Sources */ = {
			isa = PBXSourcesBuildPhase;
			buildActionMask = 2147483647;
			files = (
				105F22C82060AA6A00ABF98E /* dingoTests.swift in Sources */,
			);
			runOnlyForDeploymentPostprocessing = 0;
		};
		105F22CA2060AA6A00ABF98E /* Sources */ = {
			isa = PBXSourcesBuildPhase;
			buildActionMask = 2147483647;
			files = (
				105F22D32060AA6A00ABF98E /* dingoUITests.swift in Sources */,
			);
			runOnlyForDeploymentPostprocessing = 0;
		};
/* End PBXSourcesBuildPhase section */

/* Begin PBXTargetDependency section */
		105F22C52060AA6A00ABF98E /* PBXTargetDependency */ = {
			isa = PBXTargetDependency;
			target = 105F22AE2060AA6A00ABF98E /* dingo */;
			targetProxy = 105F22C42060AA6A00ABF98E /* PBXContainerItemProxy */;
		};
		105F22D02060AA6A00ABF98E /* PBXTargetDependency */ = {
			isa = PBXTargetDependency;
			target = 105F22AE2060AA6A00ABF98E /* dingo */;
			targetProxy = 105F22CF2060AA6A00ABF98E /* PBXContainerItemProxy */;
		};
/* End PBXTargetDependency section */

/* Begin PBXVariantGroup section */
		105F22B62060AA6A00ABF98E /* Main.storyboard */ = {
			isa = PBXVariantGroup;
			children = (
				105F22B72060AA6A00ABF98E /* Base */,
			);
			name = Main.storyboard;
			sourceTree = "<group>";
		};
		105F22BB2060AA6A00ABF98E /* LaunchScreen.storyboard */ = {
			isa = PBXVariantGroup;
			children = (
				105F22BC2060AA6A00ABF98E /* Base */,
			);
			name = LaunchScreen.storyboard;
			sourceTree = "<group>";
		};
/* End PBXVariantGroup section */

/* Begin XCBuildConfiguration section */
		105F22D52060AA6A00ABF98E /* Debug */ = {
			isa = XCBuildConfiguration;
			buildSettings = {
				ALWAYS_SEARCH_USER_PATHS = NO;
				CLANG_ANALYZER_NONNULL = YES;
				CLANG_ANALYZER_NUMBER_OBJECT_CONVERSION = YES_AGGRESSIVE;
				CLANG_CXX_LANGUAGE_STANDARD = "gnu++14";
				CLANG_CXX_LIBRARY = "libc++";
				CLANG_ENABLE_MODULES = YES;
				CLANG_ENABLE_OBJC_ARC = YES;
				CLANG_WARN_BLOCK_CAPTURE_AUTORELEASING = YES;
				CLANG_WARN_BOOL_CONVERSION = YES;
				CLANG_WARN_COMMA = YES;
				CLANG_WARN_CONSTANT_CONVERSION = YES;
				CLANG_WARN_DIRECT_OBJC_ISA_USAGE = YES_ERROR;
				CLANG_WARN_DOCUMENTATION_COMMENTS = YES;
				CLANG_WARN_EMPTY_BODY = YES;
				CLANG_WARN_ENUM_CONVERSION = YES;
				CLANG_WARN_INFINITE_RECURSION = YES;
				CLANG_WARN_INT_CONVERSION = YES;
				CLANG_WARN_NON_LITERAL_NULL_CONVERSION = YES;
				CLANG_WARN_OBJC_LITERAL_CONVERSION = YES;
				CLANG_WARN_OBJC_ROOT_CLASS = YES_ERROR;
				CLANG_WARN_RANGE_LOOP_ANALYSIS = YES;
				CLANG_WARN_STRICT_PROTOTYPES = YES;
				CLANG_WARN_SUSPICIOUS_MOVE = YES;
				CLANG_WARN_UNGUARDED_AVAILABILITY = YES_AGGRESSIVE;
				CLANG_WARN_UNREACHABLE_CODE = YES;
				CLANG_WARN__DUPLICATE_METHOD_MATCH = YES;
				CODE_SIGN_IDENTITY = "iPhone Developer";
				COPY_PHASE_STRIP = NO;
				DEBUG_INFORMATION_FORMAT = dwarf;
				ENABLE_STRICT_OBJC_MSGSEND = YES;
				ENABLE_TESTABILITY = YES;
				GCC_C_LANGUAGE_STANDARD = gnu11;
				GCC_DYNAMIC_NO_PIC = NO;
				GCC_NO_COMMON_BLOCKS = YES;
				GCC_OPTIMIZATION_LEVEL = 0;
				GCC_PREPROCESSOR_DEFINITIONS = (
					"DEBUG=1",
					"$(inherited)",
				);
				GCC_WARN_64_TO_32_BIT_CONVERSION = YES;
				GCC_WARN_ABOUT_RETURN_TYPE = YES_ERROR;
				GCC_WARN_UNDECLARED_SELECTOR = YES;
				GCC_WARN_UNINITIALIZED_AUTOS = YES_AGGRESSIVE;
				GCC_WARN_UNUSED_FUNCTION = YES;
				GCC_WARN_UNUSED_VARIABLE = YES;
				IPHONEOS_DEPLOYMENT_TARGET = 11.2;
				MTL_ENABLE_DEBUG_INFO = YES;
				ONLY_ACTIVE_ARCH = YES;
				SDKROOT = iphoneos;
				SWIFT_ACTIVE_COMPILATION_CONDITIONS = DEBUG;
				SWIFT_OPTIMIZATION_LEVEL = "-Onone";
			};
			name = Debug;
		};
		105F22D62060AA6A00ABF98E /* Release */ = {
			isa = XCBuildConfiguration;
			buildSettings = {
				ALWAYS_SEARCH_USER_PATHS = NO;
				CLANG_ANALYZER_NONNULL = YES;
				CLANG_ANALYZER_NUMBER_OBJECT_CONVERSION = YES_AGGRESSIVE;
				CLANG_CXX_LANGUAGE_STANDARD = "gnu++14";
				CLANG_CXX_LIBRARY = "libc++";
				CLANG_ENABLE_MODULES = YES;
				CLANG_ENABLE_OBJC_ARC = YES;
				CLANG_WARN_BLOCK_CAPTURE_AUTORELEASING = YES;
				CLANG_WARN_BOOL_CONVERSION = YES;
				CLANG_WARN_COMMA = YES;
				CLANG_WARN_CONSTANT_CONVERSION = YES;
				CLANG_WARN_DIRECT_OBJC_ISA_USAGE = YES_ERROR;
				CLANG_WARN_DOCUMENTATION_COMMENTS = YES;
				CLANG_WARN_EMPTY_BODY = YES;
				CLANG_WARN_ENUM_CONVERSION = YES;
				CLANG_WARN_INFINITE_RECURSION = YES;
				CLANG_WARN_INT_CONVERSION = YES;
				CLANG_WARN_NON_LITERAL_NULL_CONVERSION = YES;
				CLANG_WARN_OBJC_LITERAL_CONVERSION = YES;
				CLANG_WARN_OBJC_ROOT_CLASS = YES_ERROR;
				CLANG_WARN_RANGE_LOOP_ANALYSIS = YES;
				CLANG_WARN_STRICT_PROTOTYPES = YES;
				CLANG_WARN_SUSPICIOUS_MOVE = YES;
				CLANG_WARN_UNGUARDED_AVAILABILITY = YES_AGGRESSIVE;
				CLANG_WARN_UNREACHABLE_CODE = YES;
				CLANG_WARN__DUPLICATE_METHOD_MATCH = YES;
				CODE_SIGN_IDENTITY = "iPhone Developer";
				COPY_PHASE_STRIP = NO;
				DEBUG_INFORMATION_FORMAT = "dwarf-with-dsym";
				ENABLE_NS_ASSERTIONS = NO;
				ENABLE_STRICT_OBJC_MSGSEND = YES;
				GCC_C_LANGUAGE_STANDARD = gnu11;
				GCC_NO_COMMON_BLOCKS = YES;
				GCC_WARN_64_TO_32_BIT_CONVERSION = YES;
				GCC_WARN_ABOUT_RETURN_TYPE = YES_ERROR;
				GCC_WARN_UNDECLARED_SELECTOR = YES;
				GCC_WARN_UNINITIALIZED_AUTOS = YES_AGGRESSIVE;
				GCC_WARN_UNUSED_FUNCTION = YES;
				GCC_WARN_UNUSED_VARIABLE = YES;
				IPHONEOS_DEPLOYMENT_TARGET = 11.2;
				MTL_ENABLE_DEBUG_INFO = NO;
				SDKROOT = iphoneos;
				SWIFT_OPTIMIZATION_LEVEL = "-Owholemodule";
				VALIDATE_PRODUCT = YES;
			};
			name = Release;
		};
		105F22D82060AA6A00ABF98E /* Debug */ = {
			isa = XCBuildConfiguration;
			baseConfigurationReference = 5454DCFE9B5B1C7D68A821E3 /* Pods-dingo.debug.xcconfig */;
			buildSettings = {
				ASSETCATALOG_COMPILER_APPICON_NAME = AppIcon;
				CODE_SIGN_ENTITLEMENTS = dingo/dingo.entitlements;
				CODE_SIGN_STYLE = Automatic;
				DEVELOPMENT_TEAM = ZF7M6387C2;
				FRAMEWORK_SEARCH_PATHS = (
					"$(inherited)",
					"$(PROJECT_DIR)/Frameworks",
				);
				INFOPLIST_FILE = dingo/Info.plist;
				LD_RUNPATH_SEARCH_PATHS = "$(inherited) @executable_path/Frameworks";
				PRODUCT_BUNDLE_IDENTIFIER = sep.dingo;
				PRODUCT_NAME = "$(TARGET_NAME)";
				SWIFT_VERSION = 4.0;
				TARGETED_DEVICE_FAMILY = "1,2";
			};
			name = Debug;
		};
		105F22D92060AA6A00ABF98E /* Release */ = {
			isa = XCBuildConfiguration;
			baseConfigurationReference = 34DFA942B4130399CBB3C116 /* Pods-dingo.release.xcconfig */;
			buildSettings = {
				ASSETCATALOG_COMPILER_APPICON_NAME = AppIcon;
				CODE_SIGN_ENTITLEMENTS = dingo/dingo.entitlements;
				CODE_SIGN_STYLE = Automatic;
				DEVELOPMENT_TEAM = ZF7M6387C2;
				FRAMEWORK_SEARCH_PATHS = (
					"$(inherited)",
					"$(PROJECT_DIR)/Frameworks",
				);
				INFOPLIST_FILE = dingo/Info.plist;
				LD_RUNPATH_SEARCH_PATHS = "$(inherited) @executable_path/Frameworks";
				PRODUCT_BUNDLE_IDENTIFIER = sep.dingo;
				PRODUCT_NAME = "$(TARGET_NAME)";
				SWIFT_VERSION = 4.0;
				TARGETED_DEVICE_FAMILY = "1,2";
			};
			name = Release;
		};
		105F22DB2060AA6A00ABF98E /* Debug */ = {
			isa = XCBuildConfiguration;
			baseConfigurationReference = 844CB0F91B435840B4302642 /* Pods-dingoTests.debug.xcconfig */;
			buildSettings = {
				ALWAYS_EMBED_SWIFT_STANDARD_LIBRARIES = YES;
				BUNDLE_LOADER = "$(TEST_HOST)";
				CODE_SIGN_STYLE = Automatic;
				DEVELOPMENT_TEAM = ZF7M6387C2;
				INFOPLIST_FILE = dingoTests/Info.plist;
				LD_RUNPATH_SEARCH_PATHS = "$(inherited) @executable_path/Frameworks @loader_path/Frameworks";
				PRODUCT_BUNDLE_IDENTIFIER = "dingo-sep.dingoTests";
				PRODUCT_NAME = "$(TARGET_NAME)";
				SWIFT_VERSION = 4.0;
				TARGETED_DEVICE_FAMILY = "1,2";
				TEST_HOST = "$(BUILT_PRODUCTS_DIR)/dingo.app/dingo";
			};
			name = Debug;
		};
		105F22DC2060AA6A00ABF98E /* Release */ = {
			isa = XCBuildConfiguration;
			baseConfigurationReference = 18CFC1EDFE90A2B77D3552CC /* Pods-dingoTests.release.xcconfig */;
			buildSettings = {
				ALWAYS_EMBED_SWIFT_STANDARD_LIBRARIES = YES;
				BUNDLE_LOADER = "$(TEST_HOST)";
				CODE_SIGN_STYLE = Automatic;
				DEVELOPMENT_TEAM = ZF7M6387C2;
				INFOPLIST_FILE = dingoTests/Info.plist;
				LD_RUNPATH_SEARCH_PATHS = "$(inherited) @executable_path/Frameworks @loader_path/Frameworks";
				PRODUCT_BUNDLE_IDENTIFIER = "dingo-sep.dingoTests";
				PRODUCT_NAME = "$(TARGET_NAME)";
				SWIFT_VERSION = 4.0;
				TARGETED_DEVICE_FAMILY = "1,2";
				TEST_HOST = "$(BUILT_PRODUCTS_DIR)/dingo.app/dingo";
			};
			name = Release;
		};
		105F22DE2060AA6A00ABF98E /* Debug */ = {
			isa = XCBuildConfiguration;
			baseConfigurationReference = 6984872C4B0CCDEC98FC5E4E /* Pods-dingoUITests.debug.xcconfig */;
			buildSettings = {
				ALWAYS_EMBED_SWIFT_STANDARD_LIBRARIES = YES;
				CODE_SIGN_STYLE = Automatic;
				DEVELOPMENT_TEAM = ZF7M6387C2;
				INFOPLIST_FILE = dingoUITests/Info.plist;
				LD_RUNPATH_SEARCH_PATHS = "$(inherited) @executable_path/Frameworks @loader_path/Frameworks";
				PRODUCT_BUNDLE_IDENTIFIER = "dingo-sep.dingoUITests";
				PRODUCT_NAME = "$(TARGET_NAME)";
				SWIFT_VERSION = 4.0;
				TARGETED_DEVICE_FAMILY = "1,2";
				TEST_TARGET_NAME = dingo;
			};
			name = Debug;
		};
		105F22DF2060AA6A00ABF98E /* Release */ = {
			isa = XCBuildConfiguration;
			baseConfigurationReference = 542450A599C994B929E875BC /* Pods-dingoUITests.release.xcconfig */;
			buildSettings = {
				ALWAYS_EMBED_SWIFT_STANDARD_LIBRARIES = YES;
				CODE_SIGN_STYLE = Automatic;
				DEVELOPMENT_TEAM = ZF7M6387C2;
				INFOPLIST_FILE = dingoUITests/Info.plist;
				LD_RUNPATH_SEARCH_PATHS = "$(inherited) @executable_path/Frameworks @loader_path/Frameworks";
				PRODUCT_BUNDLE_IDENTIFIER = "dingo-sep.dingoUITests";
				PRODUCT_NAME = "$(TARGET_NAME)";
				SWIFT_VERSION = 4.0;
				TARGETED_DEVICE_FAMILY = "1,2";
				TEST_TARGET_NAME = dingo;
			};
			name = Release;
		};
/* End XCBuildConfiguration section */

/* Begin XCConfigurationList section */
		105F22AA2060AA6A00ABF98E /* Build configuration list for PBXProject "dingo" */ = {
			isa = XCConfigurationList;
			buildConfigurations = (
				105F22D52060AA6A00ABF98E /* Debug */,
				105F22D62060AA6A00ABF98E /* Release */,
			);
			defaultConfigurationIsVisible = 0;
			defaultConfigurationName = Release;
		};
		105F22D72060AA6A00ABF98E /* Build configuration list for PBXNativeTarget "dingo" */ = {
			isa = XCConfigurationList;
			buildConfigurations = (
				105F22D82060AA6A00ABF98E /* Debug */,
				105F22D92060AA6A00ABF98E /* Release */,
			);
			defaultConfigurationIsVisible = 0;
			defaultConfigurationName = Release;
		};
		105F22DA2060AA6A00ABF98E /* Build configuration list for PBXNativeTarget "dingoTests" */ = {
			isa = XCConfigurationList;
			buildConfigurations = (
				105F22DB2060AA6A00ABF98E /* Debug */,
				105F22DC2060AA6A00ABF98E /* Release */,
			);
			defaultConfigurationIsVisible = 0;
			defaultConfigurationName = Release;
		};
		105F22DD2060AA6A00ABF98E /* Build configuration list for PBXNativeTarget "dingoUITests" */ = {
			isa = XCConfigurationList;
			buildConfigurations = (
				105F22DE2060AA6A00ABF98E /* Debug */,
				105F22DF2060AA6A00ABF98E /* Release */,
			);
			defaultConfigurationIsVisible = 0;
			defaultConfigurationName = Release;
		};
/* End XCConfigurationList section */
	};
	rootObject = 105F22A72060AA6A00ABF98E /* Project object */;
}
